<?xml version="1.0" encoding="utf-8"?>
<Project ToolsVersion="4.0" xmlns="http://schemas.microsoft.com/developer/msbuild/2003">
  <ItemGroup>
    <ClCompile Include="$(MSBuildThisFileDirectory)TimeHelper.cpp" />
    <ClCompile Include="$(MSBuildThisFileDirectory)Console\Application.cpp">
      <Filter>Console</Filter>
    </ClCompile>
    <ClCompile Include="$(MSBuildThisFileDirectory)Network\Tcp\TcpServer.cpp">
      <Filter>Network\Tcp</Filter>
    </ClCompile>
    <ClCompile Include="$(MSBuildThisFileDirectory)Network\Tcp\TcpClient.cpp">
      <Filter>Network\Tcp</Filter>
    </ClCompile>
    <ClCompile Include="$(MSBuildThisFileDirectory)Network\Tcp\TcpConnection.cpp">
      <Filter>Network\Tcp</Filter>
    </ClCompile>
    <ClCompile Include="$(MSBuildThisFileDirectory)Devices\ClockHelper.cpp">
      <Filter>Devices</Filter>
    </ClCompile>
    <ClCompile Include="$(MSBuildThisFileDirectory)Network\WiFi\WiFiConnection.cpp">
      <Filter>Network\WiFi</Filter>
    </ClCompile>
    <ClCompile Include="$(MSBuildThisFileDirectory)System.cpp" />
    <ClCompile Include="$(MSBuildThisFileDirectory)Devices\MemoryClass.cpp">
      <Filter>Devices</Filter>
    </ClCompile>
    <ClCompile Include="$(MSBuildThisFileDirectory)ResourceHelper.cpp" />
    <ClCompile Include="$(MSBuildThisFileDirectory)Network\Connection.cpp">
      <Filter>Network</Filter>
    </ClCompile>
    <ClCompile Include="$(MSBuildThisFileDirectory)Storage\AppDataHelper.cpp">
      <Filter>Storage</Filter>
    </ClCompile>
    <ClCompile Include="$(MSBuildThisFileDirectory)Storage\Filesystem\Directory.cpp">
      <Filter>Storage\Filesystem</Filter>
    </ClCompile>
    <ClCompile Include="$(MSBuildThisFileDirectory)Storage\Filesystem\File.cpp">
      <Filter>Storage\Filesystem</Filter>
    </ClCompile>
    <ClCompile Include="$(MSBuildThisFileDirectory)Storage\Filesystem\FileHelper.cpp">
      <Filter>Storage\Filesystem</Filter>
    </ClCompile>
    <ClCompile Include="$(MSBuildThisFileDirectory)Network\Udp\UdpServer.cpp">
      <Filter>Network\Udp</Filter>
    </ClCompile>
    <ClCompile Include="$(MSBuildThisFileDirectory)MemoryHelper.cpp" />
    <ClCompile Include="$(MSBuildThisFileDirectory)Devices\Serial\SerialPort.cpp">
      <Filter>Devices\Serial</Filter>
    </ClCompile>
    <ClCompile Include="$(MSBuildThisFileDirectory)TaskClass.cpp" />
    <ClCompile Include="$(MSBuildThisFileDirectory)Devices\Storage\BlockDevice.cpp">
      <Filter>Devices\Storage</Filter>
    </ClCompile>
    <ClCompile Include="$(MSBuildThisFileDirectory)Graphics\OpenGL\DeviceContext.cpp">
      <Filter>Graphics\OpenGL</Filter>
    </ClCompile>
    <ClCompile Include="$(MSBuildThisFileDirectory)Graphics\OpenGL\Bitmap.cpp">
      <Filter>Graphics\OpenGL</Filter>
    </ClCompile>
    <ClCompile Include="$(MSBuildThisFileDirectory)Graphics\OpenGL\WindowSurface.cpp">
      <Filter>Graphics\OpenGL</Filter>
    </ClCompile>
    <ClCompile Include="$(MSBuildThisFileDirectory)Graphics\OpenGL\Surface.cpp">
      <Filter>Graphics\OpenGL</Filter>
    </ClCompile>
  </ItemGroup>
  <ItemGroup>
    <ClInclude Include="$(MSBuildThisFileDirectory)TaskClass.h" />
    <ClInclude Include="$(MSBuildThisFileDirectory)CriticalSection.h" />
    <ClInclude Include="$(MSBuildThisFileDirectory)TimeHelper.h" />
    <ClInclude Include="$(MSBuildThisFileDirectory)Platform.h" />
    <ClInclude Include="$(MSBuildThisFileDirectory)Console\Application.h">
      <Filter>Console</Filter>
    </ClInclude>
    <ClInclude Include="$(MSBuildThisFileDirectory)TypeHelper.h" />
    <ClInclude Include="$(MSBuildThisFileDirectory)Network\Tcp\TcpServer.h">
      <Filter>Network\Tcp</Filter>
    </ClInclude>
    <ClInclude Include="$(MSBuildThisFileDirectory)Network\Tcp\TcpClient.h">
      <Filter>Network\Tcp</Filter>
    </ClInclude>
    <ClInclude Include="$(MSBuildThisFileDirectory)Network\Tcp\TcpConnection.h">
      <Filter>Network\Tcp</Filter>
    </ClInclude>
    <ClInclude Include="$(MSBuildThisFileDirectory)Devices\ClockHelper.h">
      <Filter>Devices</Filter>
    </ClInclude>
    <ClInclude Include="$(MSBuildThisFileDirectory)Network\WiFi\WiFiConnection.h">
      <Filter>Network\WiFi</Filter>
    </ClInclude>
    <ClInclude Include="$(MSBuildThisFileDirectory)System.h" />
    <ClInclude Include="$(MSBuildThisFileDirectory)Devices\MemoryClass.h">
      <Filter>Devices</Filter>
    </ClInclude>
    <ClInclude Include="$(MSBuildThisFileDirectory)ResourceHelper.h" />
    <ClInclude Include="$(MSBuildThisFileDirectory)Network\Connection.h">
      <Filter>Network</Filter>
    </ClInclude>
    <ClInclude Include="$(MSBuildThisFileDirectory)Storage\AppDataHelper.h">
      <Filter>Storage</Filter>
    </ClInclude>
    <ClInclude Include="$(MSBuildThisFileDirectory)Storage\Filesystem\Directory.h">
      <Filter>Storage\Filesystem</Filter>
    </ClInclude>
    <ClInclude Include="$(MSBuildThisFileDirectory)Storage\Filesystem\File.h">
      <Filter>Storage\Filesystem</Filter>
    </ClInclude>
    <ClInclude Include="$(MSBuildThisFileDirectory)Storage\Filesystem\FileHelper.h">
      <Filter>Storage\Filesystem</Filter>
    </ClInclude>
    <ClInclude Include="$(MSBuildThisFileDirectory)Network\Udp\UdpServer.h">
      <Filter>Network\Udp</Filter>
    </ClInclude>
    <ClInclude Include="$(MSBuildThisFileDirectory)MemoryHelper.h" />
    <ClInclude Include="$(MSBuildThisFileDirectory)Devices\Serial\SerialPort.h">
      <Filter>Devices\Serial</Filter>
    </ClInclude>
    <ClInclude Include="$(MSBuildThisFileDirectory)TaskHelper.h" />
    <ClInclude Include="$(MSBuildThisFileDirectory)Graphics\OpenGL\DeviceContext.h">
      <Filter>Graphics\OpenGL</Filter>
    </ClInclude>
    <ClInclude Include="$(MSBuildThisFileDirectory)SignalClass.h" />
    <ClInclude Include="$(MSBuildThisFileDirectory)Graphics\OpenGL\Bitmap.h">
      <Filter>Graphics\OpenGL</Filter>
    </ClInclude>
    <ClInclude Include="$(MSBuildThisFileDirectory)Graphics\OpenGL\WindowSurface.h">
      <Filter>Graphics\OpenGL</Filter>
    </ClInclude>
    <ClInclude Include="$(MSBuildThisFileDirectory)Graphics\OpenGL\Surface.h">
      <Filter>Graphics\OpenGL</Filter>
    </ClInclude>
  </ItemGroup>
  <ItemGroup>
    <Filter Include="Configuration">
      <UniqueIdentifier>{8c2731ba-0c45-409d-bf9e-b0cd7a51f01e}</UniqueIdentifier>
    </Filter>
    <Filter Include="Storage">
      <UniqueIdentifier>{257ffb23-0ae7-410f-bf5c-b603c3696586}</UniqueIdentifier>
    </Filter>
    <Filter Include="Network">
      <UniqueIdentifier>{2874598f-9e32-4ada-b80a-9fdea72fc2bc}</UniqueIdentifier>
    </Filter>
    <Filter Include="Console">
      <UniqueIdentifier>{a9706c4e-9f08-47d2-869b-08c0d01c3f1d}</UniqueIdentifier>
    </Filter>
    <Filter Include="Network\Tcp">
      <UniqueIdentifier>{eb4716a3-08c3-4f6e-b3f0-1cca6573d2a6}</UniqueIdentifier>
    </Filter>
    <Filter Include="Devices">
      <UniqueIdentifier>{7fc0f5b9-bf87-4883-b2cc-fa72a5bea952}</UniqueIdentifier>
    </Filter>
    <Filter Include="Network\WiFi">
      <UniqueIdentifier>{06830af9-5c81-4f6b-a5c3-49e28881e8ae}</UniqueIdentifier>
    </Filter>
    <Filter Include="Storage\Filesystem">
      <UniqueIdentifier>{8ac1bef9-e4a7-4859-9ec1-2061665db915}</UniqueIdentifier>
    </Filter>
    <Filter Include="Network\Udp">
      <UniqueIdentifier>{f1bef017-c21c-4717-bf54-37b6eeb61c55}</UniqueIdentifier>
    </Filter>
    <Filter Include="Devices\Serial">
      <UniqueIdentifier>{9d31de8d-ab76-405e-9604-34250fe6f7df}</UniqueIdentifier>
    </Filter>
    <Filter Include="Devices\Storage">
      <UniqueIdentifier>{4fef0d31-ee04-49eb-b539-22d391b1eb52}</UniqueIdentifier>
    </Filter>
    <Filter Include="Graphics">
      <UniqueIdentifier>{bc5c2eca-ee93-44bb-b08d-554cbdd8ffb7}</UniqueIdentifier>
    </Filter>
    <Filter Include="Graphics\OpenGL">
      <UniqueIdentifier>{dbc1c4c0-eb7a-4eb0-a8db-c3e63240ac26}</UniqueIdentifier>
    </Filter>
  </ItemGroup>
  <ItemGroup>
    <None Include="$(MSBuildThisFileDirectory)Configuration\Compiler.props">
      <Filter>Configuration</Filter>
    </None>
    <None Include="$(MSBuildThisFileDirectory)Configuration\Default.props">
      <Filter>Configuration</Filter>
    </None>
    <None Include="$(MSBuildThisFileDirectory)Configuration\Globals.props">
      <Filter>Configuration</Filter>
    </None>
    <None Include="$(MSBuildThisFileDirectory)Configuration\Platform.props">
      <Filter>Configuration</Filter>
    </None>
    <None Include="$(MSBuildThisFileDirectory)Configuration\Configuration.props">
      <Filter>Configuration</Filter>
    </None>
  </ItemGroup>
</Project>